// !$*UTF8*$!
{
	archiveVersion = 1;
	classes = {
	};
	objectVersion = 56;
	objects = {

/* Begin PBXBuildFile section */
		474F327B2A4D601D0010E14B /* AppDelegate.swift in Sources */ = {isa = PBXBuildFile; fileRef = 474F327A2A4D601D0010E14B /* AppDelegate.swift */; };
		474F327D2A4D601D0010E14B /* SceneDelegate.swift in Sources */ = {isa = PBXBuildFile; fileRef = 474F327C2A4D601D0010E14B /* SceneDelegate.swift */; };
		474F327F2A4D601D0010E14B /* ViewController.swift in Sources */ = {isa = PBXBuildFile; fileRef = 474F327E2A4D601D0010E14B /* ViewController.swift */; };
		474F32822A4D601D0010E14B /* Main.storyboard in Resources */ = {isa = PBXBuildFile; fileRef = 474F32802A4D601D0010E14B /* Main.storyboard */; };
		474F32842A4D601F0010E14B /* Assets.xcassets in Resources */ = {isa = PBXBuildFile; fileRef = 474F32832A4D601F0010E14B /* Assets.xcassets */; };
		474F32872A4D601F0010E14B /* LaunchScreen.storyboard in Resources */ = {isa = PBXBuildFile; fileRef = 474F32852A4D601F0010E14B /* LaunchScreen.storyboard */; };
		EC5617992A4D631D001FB230 /* Shuffle in Frameworks */ = {isa = PBXBuildFile; productRef = EC5617982A4D631D001FB230 /* Shuffle */; };
		EC56179C2A4D6577001FB230 /* ImageShuffleViewController.swift in Sources */ = {isa = PBXBuildFile; fileRef = EC56179B2A4D6577001FB230 /* ImageShuffleViewController.swift */; };
		EC56179E2A4D67FF001FB230 /* Room.swift in Sources */ = {isa = PBXBuildFile; fileRef = EC56179D2A4D67FF001FB230 /* Room.swift */; };
		EC5617A02A4D6A13001FB230 /* CardView.swift in Sources */ = {isa = PBXBuildFile; fileRef = EC56179F2A4D6A13001FB230 /* CardView.swift */; };
/* End PBXBuildFile section */

/* Begin PBXFileReference section */
		474F32772A4D601D0010E14B /* Gogorent.app */ = {isa = PBXFileReference; explicitFileType = wrapper.application; includeInIndex = 0; path = Gogorent.app; sourceTree = BUILT_PRODUCTS_DIR; };
		474F327A2A4D601D0010E14B /* AppDelegate.swift */ = {isa = PBXFileReference; lastKnownFileType = sourcecode.swift; path = AppDelegate.swift; sourceTree = "<group>"; };
		474F327C2A4D601D0010E14B /* SceneDelegate.swift */ = {isa = PBXFileReference; lastKnownFileType = sourcecode.swift; path = SceneDelegate.swift; sourceTree = "<group>"; };
		474F327E2A4D601D0010E14B /* ViewController.swift */ = {isa = PBXFileReference; lastKnownFileType = sourcecode.swift; path = ViewController.swift; sourceTree = "<group>"; };
		474F32812A4D601D0010E14B /* Base */ = {isa = PBXFileReference; lastKnownFileType = file.storyboard; name = Base; path = Base.lproj/Main.storyboard; sourceTree = "<group>"; };
		474F32832A4D601F0010E14B /* Assets.xcassets */ = {isa = PBXFileReference; lastKnownFileType = folder.assetcatalog; path = Assets.xcassets; sourceTree = "<group>"; };
		474F32862A4D601F0010E14B /* Base */ = {isa = PBXFileReference; lastKnownFileType = file.storyboard; name = Base; path = Base.lproj/LaunchScreen.storyboard; sourceTree = "<group>"; };
		474F32882A4D601F0010E14B /* Info.plist */ = {isa = PBXFileReference; lastKnownFileType = text.plist.xml; path = Info.plist; sourceTree = "<group>"; };
		EC56179B2A4D6577001FB230 /* ImageShuffleViewController.swift */ = {isa = PBXFileReference; lastKnownFileType = sourcecode.swift; path = ImageShuffleViewController.swift; sourceTree = "<group>"; };
		EC56179D2A4D67FF001FB230 /* Room.swift */ = {isa = PBXFileReference; lastKnownFileType = sourcecode.swift; path = Room.swift; sourceTree = "<group>"; };
		EC56179F2A4D6A13001FB230 /* CardView.swift */ = {isa = PBXFileReference; lastKnownFileType = sourcecode.swift; path = CardView.swift; sourceTree = "<group>"; };
/* End PBXFileReference section */

/* Begin PBXFrameworksBuildPhase section */
		474F32742A4D601D0010E14B /* Frameworks */ = {
			isa = PBXFrameworksBuildPhase;
			buildActionMask = 2147483647;
			files = (
				EC5617992A4D631D001FB230 /* Shuffle in Frameworks */,
			);
			runOnlyForDeploymentPostprocessing = 0;
		};
/* End PBXFrameworksBuildPhase section */

/* Begin PBXGroup section */
		474F326E2A4D601D0010E14B = {
			isa = PBXGroup;
			children = (
				474F32792A4D601D0010E14B /* Gogorent */,
				474F32782A4D601D0010E14B /* Products */,
			);
			sourceTree = "<group>";
		};
		474F32782A4D601D0010E14B /* Products */ = {
			isa = PBXGroup;
			children = (
				474F32772A4D601D0010E14B /* Gogorent.app */,
			);
			name = Products;
			sourceTree = "<group>";
		};
		474F32792A4D601D0010E14B /* Gogorent */ = {
			isa = PBXGroup;
			children = (
				474F327A2A4D601D0010E14B /* AppDelegate.swift */,
				474F327C2A4D601D0010E14B /* SceneDelegate.swift */,
				474F327E2A4D601D0010E14B /* ViewController.swift */,
				EC56179A2A4D654F001FB230 /* ImageShuffle */,
				474F32802A4D601D0010E14B /* Main.storyboard */,
				474F32832A4D601F0010E14B /* Assets.xcassets */,
				474F32852A4D601F0010E14B /* LaunchScreen.storyboard */,
				474F32882A4D601F0010E14B /* Info.plist */,
			);
			path = Gogorent;
			sourceTree = "<group>";
		};
		EC56179A2A4D654F001FB230 /* ImageShuffle */ = {
			isa = PBXGroup;
			children = (
				EC56179B2A4D6577001FB230 /* ImageShuffleViewController.swift */,
				EC56179D2A4D67FF001FB230 /* Room.swift */,
				EC56179F2A4D6A13001FB230 /* CardView.swift */,
			);
			path = ImageShuffle;
			sourceTree = "<group>";
		};
/* End PBXGroup section */

/* Begin PBXNativeTarget section */
		474F32762A4D601D0010E14B /* Gogorent */ = {
			isa = PBXNativeTarget;
			buildConfigurationList = 474F328B2A4D601F0010E14B /* Build configuration list for PBXNativeTarget "Gogorent" */;
			buildPhases = (
				474F32732A4D601D0010E14B /* Sources */,
				474F32742A4D601D0010E14B /* Frameworks */,
				474F32752A4D601D0010E14B /* Resources */,
			);
			buildRules = (
			);
			dependencies = (
			);
			name = Gogorent;
			packageProductDependencies = (
				EC5617982A4D631D001FB230 /* Shuffle */,
			);
			productName = Gogorent;
			productReference = 474F32772A4D601D0010E14B /* Gogorent.app */;
			productType = "com.apple.product-type.application";
		};
/* End PBXNativeTarget section */

/* Begin PBXProject section */
		474F326F2A4D601D0010E14B /* Project object */ = {
			isa = PBXProject;
			attributes = {
				BuildIndependentTargetsInParallel = 1;
				LastSwiftUpdateCheck = 1430;
				LastUpgradeCheck = 1430;
				TargetAttributes = {
					474F32762A4D601D0010E14B = {
						CreatedOnToolsVersion = 14.3.1;
					};
				};
			};
			buildConfigurationList = 474F32722A4D601D0010E14B /* Build configuration list for PBXProject "Gogorent" */;
			compatibilityVersion = "Xcode 14.0";
			developmentRegion = en;
			hasScannedForEncodings = 0;
			knownRegions = (
				en,
				Base,
			);
			mainGroup = 474F326E2A4D601D0010E14B;
			packageReferences = (
				EC5617972A4D631D001FB230 /* XCRemoteSwiftPackageReference "Shuffle" */,
			);
			productRefGroup = 474F32782A4D601D0010E14B /* Products */;
			projectDirPath = "";
			projectRoot = "";
			targets = (
				474F32762A4D601D0010E14B /* Gogorent */,
			);
		};
/* End PBXProject section */

/* Begin PBXResourcesBuildPhase section */
		474F32752A4D601D0010E14B /* Resources */ = {
			isa = PBXResourcesBuildPhase;
			buildActionMask = 2147483647;
			files = (
				474F32872A4D601F0010E14B /* LaunchScreen.storyboard in Resources */,
				474F32842A4D601F0010E14B /* Assets.xcassets in Resources */,
				474F32822A4D601D0010E14B /* Main.storyboard in Resources */,
			);
			runOnlyForDeploymentPostprocessing = 0;
		};
/* End PBXResourcesBuildPhase section */

/* Begin PBXSourcesBuildPhase section */
		474F32732A4D601D0010E14B /* Sources */ = {
			isa = PBXSourcesBuildPhase;
			buildActionMask = 2147483647;
			files = (
				EC56179C2A4D6577001FB230 /* ImageShuffleViewController.swift in Sources */,
				474F327F2A4D601D0010E14B /* ViewController.swift in Sources */,
				474F327B2A4D601D0010E14B /* AppDelegate.swift in Sources */,
				474F327D2A4D601D0010E14B /* SceneDelegate.swift in Sources */,
				EC5617A02A4D6A13001FB230 /* CardView.swift in Sources */,
				EC56179E2A4D67FF001FB230 /* Room.swift in Sources */,
			);
			runOnlyForDeploymentPostprocessing = 0;
		};
/* End PBXSourcesBuildPhase section */

/* Begin PBXVariantGroup section */
		474F32802A4D601D0010E14B /* Main.storyboard */ = {
			isa = PBXVariantGroup;
			children = (
				474F32812A4D601D0010E14B /* Base */,
			);
			name = Main.storyboard;
			sourceTree = "<group>";
		};
		474F32852A4D601F0010E14B /* LaunchScreen.storyboard */ = {
			isa = PBXVariantGroup;
			children = (
				474F32862A4D601F0010E14B /* Base */,
			);
			name = LaunchScreen.storyboard;
			sourceTree = "<group>";
		};
/* End PBXVariantGroup section */

/* Begin XCBuildConfiguration section */
		474F32892A4D601F0010E14B /* Debug */ = {
			isa = XCBuildConfiguration;
			buildSettings = {
				ALWAYS_SEARCH_USER_PATHS = NO;
				CLANG_ANALYZER_NONNULL = YES;
				CLANG_ANALYZER_NUMBER_OBJECT_CONVERSION = YES_AGGRESSIVE;
				CLANG_CXX_LANGUAGE_STANDARD = "gnu++20";
				CLANG_ENABLE_MODULES = YES;
				CLANG_ENABLE_OBJC_ARC = YES;
				CLANG_ENABLE_OBJC_WEAK = YES;
				CLANG_WARN_BLOCK_CAPTURE_AUTORELEASING = YES;
				CLANG_WARN_BOOL_CONVERSION = YES;
				CLANG_WARN_COMMA = YES;
				CLANG_WARN_CONSTANT_CONVERSION = YES;
				CLANG_WARN_DEPRECATED_OBJC_IMPLEMENTATIONS = YES;
				CLANG_WARN_DIRECT_OBJC_ISA_USAGE = YES_ERROR;
				CLANG_WARN_DOCUMENTATION_COMMENTS = YES;
				CLANG_WARN_EMPTY_BODY = YES;
				CLANG_WARN_ENUM_CONVERSION = YES;
				CLANG_WARN_INFINITE_RECURSION = YES;
				CLANG_WARN_INT_CONVERSION = YES;
				CLANG_WARN_NON_LITERAL_NULL_CONVERSION = YES;
				CLANG_WARN_OBJC_IMPLICIT_RETAIN_SELF = YES;
				CLANG_WARN_OBJC_LITERAL_CONVERSION = YES;
				CLANG_WARN_OBJC_ROOT_CLASS = YES_ERROR;
				CLANG_WARN_QUOTED_INCLUDE_IN_FRAMEWORK_HEADER = YES;
				CLANG_WARN_RANGE_LOOP_ANALYSIS = YES;
				CLANG_WARN_STRICT_PROTOTYPES = YES;
				CLANG_WARN_SUSPICIOUS_MOVE = YES;
				CLANG_WARN_UNGUARDED_AVAILABILITY = YES_AGGRESSIVE;
				CLANG_WARN_UNREACHABLE_CODE = YES;
				CLANG_WARN__DUPLICATE_METHOD_MATCH = YES;
				COPY_PHASE_STRIP = NO;
				DEBUG_INFORMATION_FORMAT = dwarf;
				ENABLE_STRICT_OBJC_MSGSEND = YES;
				ENABLE_TESTABILITY = YES;
				GCC_C_LANGUAGE_STANDARD = gnu11;
				GCC_DYNAMIC_NO_PIC = NO;
				GCC_NO_COMMON_BLOCKS = YES;
				GCC_OPTIMIZATION_LEVEL = 0;
				GCC_PREPROCESSOR_DEFINITIONS = (
					"DEBUG=1",
					"$(inherited)",
				);
				GCC_WARN_64_TO_32_BIT_CONVERSION = YES;
				GCC_WARN_ABOUT_RETURN_TYPE = YES_ERROR;
				GCC_WARN_UNDECLARED_SELECTOR = YES;
				GCC_WARN_UNINITIALIZED_AUTOS = YES_AGGRESSIVE;
				GCC_WARN_UNUSED_FUNCTION = YES;
				GCC_WARN_UNUSED_VARIABLE = YES;
				IPHONEOS_DEPLOYMENT_TARGET = 16.4;
				MTL_ENABLE_DEBUG_INFO = INCLUDE_SOURCE;
				MTL_FAST_MATH = YES;
				ONLY_ACTIVE_ARCH = YES;
				SDKROOT = iphoneos;
				SWIFT_ACTIVE_COMPILATION_CONDITIONS = DEBUG;
				SWIFT_OPTIMIZATION_LEVEL = "-Onone";
			};
			name = Debug;
		};
		474F328A2A4D601F0010E14B /* Release */ = {
			isa = XCBuildConfiguration;
			buildSettings = {
				ALWAYS_SEARCH_USER_PATHS = NO;
				CLANG_ANALYZER_NONNULL = YES;
				CLANG_ANALYZER_NUMBER_OBJECT_CONVERSION = YES_AGGRESSIVE;
				CLANG_CXX_LANGUAGE_STANDARD = "gnu++20";
				CLANG_ENABLE_MODULES = YES;
				CLANG_ENABLE_OBJC_ARC = YES;
				CLANG_ENABLE_OBJC_WEAK = YES;
				CLANG_WARN_BLOCK_CAPTURE_AUTORELEASING = YES;
				CLANG_WARN_BOOL_CONVERSION = YES;
				CLANG_WARN_COMMA = YES;
				CLANG_WARN_CONSTANT_CONVERSION = YES;
				CLANG_WARN_DEPRECATED_OBJC_IMPLEMENTATIONS = YES;
				CLANG_WARN_DIRECT_OBJC_ISA_USAGE = YES_ERROR;
				CLANG_WARN_DOCUMENTATION_COMMENTS = YES;
				CLANG_WARN_EMPTY_BODY = YES;
				CLANG_WARN_ENUM_CONVERSION = YES;
				CLANG_WARN_INFINITE_RECURSION = YES;
				CLANG_WARN_INT_CONVERSION = YES;
				CLANG_WARN_NON_LITERAL_NULL_CONVERSION = YES;
				CLANG_WARN_OBJC_IMPLICIT_RETAIN_SELF = YES;
				CLANG_WARN_OBJC_LITERAL_CONVERSION = YES;
				CLANG_WARN_OBJC_ROOT_CLASS = YES_ERROR;
				CLANG_WARN_QUOTED_INCLUDE_IN_FRAMEWORK_HEADER = YES;
				CLANG_WARN_RANGE_LOOP_ANALYSIS = YES;
				CLANG_WARN_STRICT_PROTOTYPES = YES;
				CLANG_WARN_SUSPICIOUS_MOVE = YES;
				CLANG_WARN_UNGUARDED_AVAILABILITY = YES_AGGRESSIVE;
				CLANG_WARN_UNREACHABLE_CODE = YES;
				CLANG_WARN__DUPLICATE_METHOD_MATCH = YES;
				COPY_PHASE_STRIP = NO;
				DEBUG_INFORMATION_FORMAT = "dwarf-with-dsym";
				ENABLE_NS_ASSERTIONS = NO;
				ENABLE_STRICT_OBJC_MSGSEND = YES;
				GCC_C_LANGUAGE_STANDARD = gnu11;
				GCC_NO_COMMON_BLOCKS = YES;
				GCC_WARN_64_TO_32_BIT_CONVERSION = YES;
				GCC_WARN_ABOUT_RETURN_TYPE = YES_ERROR;
				GCC_WARN_UNDECLARED_SELECTOR = YES;
				GCC_WARN_UNINITIALIZED_AUTOS = YES_AGGRESSIVE;
				GCC_WARN_UNUSED_FUNCTION = YES;
				GCC_WARN_UNUSED_VARIABLE = YES;
				IPHONEOS_DEPLOYMENT_TARGET = 16.4;
				MTL_ENABLE_DEBUG_INFO = NO;
				MTL_FAST_MATH = YES;
				SDKROOT = iphoneos;
				SWIFT_COMPILATION_MODE = wholemodule;
				SWIFT_OPTIMIZATION_LEVEL = "-O";
				VALIDATE_PRODUCT = YES;
			};
			name = Release;
		};
		474F328C2A4D601F0010E14B /* Debug */ = {
			isa = XCBuildConfiguration;
			buildSettings = {
				ASSETCATALOG_COMPILER_APPICON_NAME = AppIcon;
				ASSETCATALOG_COMPILER_GLOBAL_ACCENT_COLOR_NAME = AccentColor;
				CODE_SIGN_STYLE = Automatic;
				CURRENT_PROJECT_VERSION = 1;
				DEVELOPMENT_TEAM = 2SBRP3SA24;
				GENERATE_INFOPLIST_FILE = YES;
				INFOPLIST_FILE = Gogorent/Info.plist;
				INFOPLIST_KEY_UIApplicationSupportsIndirectInputEvents = YES;
				INFOPLIST_KEY_UILaunchStoryboardName = LaunchScreen;
				INFOPLIST_KEY_UIMainStoryboardFile = Main;
				INFOPLIST_KEY_UISupportedInterfaceOrientations_iPad = "UIInterfaceOrientationPortrait UIInterfaceOrientationPortraitUpsideDown UIInterfaceOrientationLandscapeLeft UIInterfaceOrientationLandscapeRight";
				INFOPLIST_KEY_UISupportedInterfaceOrientations_iPhone = "UIInterfaceOrientationPortrait UIInterfaceOrientationLandscapeLeft UIInterfaceOrientationLandscapeRight";
				LD_RUNPATH_SEARCH_PATHS = (
					"$(inherited)",
					"@executable_path/Frameworks",
				);
				MARKETING_VERSION = 1.0;
				PRODUCT_BUNDLE_IDENTIFIER = gogolook.Gogorent;
				PRODUCT_NAME = "$(TARGET_NAME)";
				SWIFT_EMIT_LOC_STRINGS = YES;
				SWIFT_VERSION = 5.0;
				TARGETED_DEVICE_FAMILY = "1,2";
			};
			name = Debug;
		};
		474F328D2A4D601F0010E14B /* Release */ = {
			isa = XCBuildConfiguration;
			buildSettings = {
				ASSETCATALOG_COMPILER_APPICON_NAME = AppIcon;
				ASSETCATALOG_COMPILER_GLOBAL_ACCENT_COLOR_NAME = AccentColor;
				CODE_SIGN_STYLE = Automatic;
				CURRENT_PROJECT_VERSION = 1;
				DEVELOPMENT_TEAM = 2SBRP3SA24;
				GENERATE_INFOPLIST_FILE = YES;
				INFOPLIST_FILE = Gogorent/Info.plist;
				INFOPLIST_KEY_UIApplicationSupportsIndirectInputEvents = YES;
				INFOPLIST_KEY_UILaunchStoryboardName = LaunchScreen;
				INFOPLIST_KEY_UIMainStoryboardFile = Main;
				INFOPLIST_KEY_UISupportedInterfaceOrientations_iPad = "UIInterfaceOrientationPortrait UIInterfaceOrientationPortraitUpsideDown UIInterfaceOrientationLandscapeLeft UIInterfaceOrientationLandscapeRight";
				INFOPLIST_KEY_UISupportedInterfaceOrientations_iPhone = "UIInterfaceOrientationPortrait UIInterfaceOrientationLandscapeLeft UIInterfaceOrientationLandscapeRight";
				LD_RUNPATH_SEARCH_PATHS = (
					"$(inherited)",
					"@executable_path/Frameworks",
				);
				MARKETING_VERSION = 1.0;
				PRODUCT_BUNDLE_IDENTIFIER = gogolook.Gogorent;
				PRODUCT_NAME = "$(TARGET_NAME)";
				SWIFT_EMIT_LOC_STRINGS = YES;
				SWIFT_VERSION = 5.0;
				TARGETED_DEVICE_FAMILY = "1,2";
			};
			name = Release;
		};
/* End XCBuildConfiguration section */

/* Begin XCConfigurationList section */
		474F32722A4D601D0010E14B /* Build configuration list for PBXProject "Gogorent" */ = {
			isa = XCConfigurationList;
			buildConfigurations = (
				474F32892A4D601F0010E14B /* Debug */,
				474F328A2A4D601F0010E14B /* Release */,
			);
			defaultConfigurationIsVisible = 0;
			defaultConfigurationName = Release;
		};
		474F328B2A4D601F0010E14B /* Build configuration list for PBXNativeTarget "Gogorent" */ = {
			isa = XCConfigurationList;
			buildConfigurations = (
				474F328C2A4D601F0010E14B /* Debug */,
				474F328D2A4D601F0010E14B /* Release */,
			);
			defaultConfigurationIsVisible = 0;
			defaultConfigurationName = Release;
		};
/* End XCConfigurationList section */

/* Begin XCRemoteSwiftPackageReference section */
		EC5617972A4D631D001FB230 /* XCRemoteSwiftPackageReference "Shuffle" */ = {
			isa = XCRemoteSwiftPackageReference;
			repositoryURL = "https://github.com/mac-gallagher/Shuffle.git";
			requirement = {
				branch = master;
				kind = branch;
			};
		};
/* End XCRemoteSwiftPackageReference section */

/* Begin XCSwiftPackageProductDependency section */
		EC5617982A4D631D001FB230 /* Shuffle */ = {
			isa = XCSwiftPackageProductDependency;
			package = EC5617972A4D631D001FB230 /* XCRemoteSwiftPackageReference "Shuffle" */;
			productName = Shuffle;
		};
/* End XCSwiftPackageProductDependency section */
	};
	rootObject = 474F326F2A4D601D0010E14B /* Project object */;
}
